
Microsoft Visual Studio Solution File, Format Version 12.00
# Visual Studio 2013
VisualStudioVersion = 12.0.40629.0
MinimumVisualStudioVersion = 10.0.40219.1
Project("{B1E792BE-AA5F-4E3C-8C82-674BF9C0715B}") = "RobotArm", "RobotArm\RobotArm.tsproj", "{D000D309-45CE-4F96-A431-0911E0352A25}"
EndProject
Project("{FD9F1D59-E000-42F3-8744-88DE1BE93C06}") = "TwinCAT Measurement Project1", "TwinCAT Measurement Project1\TwinCAT Measurement Project1.tcmproj", "{38626033-9C7F-4DCF-BC0D-E860BE925F2D}"
EndProject
Global
	GlobalSection(SolutionConfigurationPlatforms) = preSolution
		Debug|TwinCAT CE7 (ARMV7) = Debug|TwinCAT CE7 (ARMV7)
		Debug|TwinCAT RT (x64) = Debug|TwinCAT RT (x64)
		Debug|TwinCAT RT (x86) = Debug|TwinCAT RT (x86)
		Debug|TwinCAT UM (x64) = Debug|TwinCAT UM (x64)
		Debug|TwinCAT UM (x86) = Debug|TwinCAT UM (x86)
		Release|TwinCAT CE7 (ARMV7) = Release|TwinCAT CE7 (ARMV7)
		Release|TwinCAT RT (x64) = Release|TwinCAT RT (x64)
		Release|TwinCAT RT (x86) = Release|TwinCAT RT (x86)
		Release|TwinCAT UM (x64) = Release|TwinCAT UM (x64)
		Release|TwinCAT UM (x86) = Release|TwinCAT UM (x86)
	EndGlobalSection
	GlobalSection(ProjectConfigurationPlatforms) = postSolution
		{D000D309-45CE-4F96-A431-0911E0352A25}.Debug|TwinCAT CE7 (ARMV7).ActiveCfg = Debug|TwinCAT CE7 (ARMV7)
		{D000D309-45CE-4F96-A431-0911E0352A25}.Debug|TwinCAT CE7 (ARMV7).Build.0 = Debug|TwinCAT CE7 (ARMV7)
		{D000D309-45CE-4F96-A431-0911E0352A25}.Debug|TwinCAT RT (x64).ActiveCfg = Debug|TwinCAT RT (x64)
		{D000D309-45CE-4F96-A431-0911E0352A25}.Debug|TwinCAT RT (x64).Build.0 = Debug|TwinCAT RT (x64)
		{D000D309-45CE-4F96-A431-0911E0352A25}.Debug|TwinCAT RT (x86).ActiveCfg = Debug|TwinCAT RT (x86)
		{D000D309-45CE-4F96-A431-0911E0352A25}.Debug|TwinCAT RT (x86).Build.0 = Debug|TwinCAT RT (x86)
		{D000D309-45CE-4F96-A431-0911E0352A25}.Debug|TwinCAT UM (x64).ActiveCfg = Debug|TwinCAT RT (x86)
		{D000D309-45CE-4F96-A431-0911E0352A25}.Debug|TwinCAT UM (x86).ActiveCfg = Debug|TwinCAT RT (x86)
		{D000D309-45CE-4F96-A431-0911E0352A25}.Release|TwinCAT CE7 (ARMV7).ActiveCfg = Release|TwinCAT CE7 (ARMV7)
		{D000D309-45CE-4F96-A431-0911E0352A25}.Release|TwinCAT CE7 (ARMV7).Build.0 = Release|TwinCAT CE7 (ARMV7)
		{D000D309-45CE-4F96-A431-0911E0352A25}.Release|TwinCAT RT (x64).ActiveCfg = Release|TwinCAT RT (x64)
		{D000D309-45CE-4F96-A431-0911E0352A25}.Release|TwinCAT RT (x64).Build.0 = Release|TwinCAT RT (x64)
		{D000D309-45CE-4F96-A431-0911E0352A25}.Release|TwinCAT RT (x86).ActiveCfg = Release|TwinCAT RT (x86)
		{D000D309-45CE-4F96-A431-0911E0352A25}.Release|TwinCAT RT (x86).Build.0 = Release|TwinCAT RT (x86)
		{D000D309-45CE-4F96-A431-0911E0352A25}.Release|TwinCAT UM (x64).ActiveCfg = Release|TwinCAT RT (x86)
		{D000D309-45CE-4F96-A431-0911E0352A25}.Release|TwinCAT UM (x86).ActiveCfg = Release|TwinCAT RT (x86)
		{38626033-9C7F-4DCF-BC0D-E860BE925F2D}.Debug|TwinCAT CE7 (ARMV7).ActiveCfg = Debug|TwinCAT CE7 (ARMV7)
		{38626033-9C7F-4DCF-BC0D-E860BE925F2D}.Debug|TwinCAT RT (x64).ActiveCfg = Debug|TwinCAT RT (x64)
		{38626033-9C7F-4DCF-BC0D-E860BE925F2D}.Debug|TwinCAT RT (x86).ActiveCfg = Debug|TwinCAT RT (x86)
		{38626033-9C7F-4DCF-BC0D-E860BE925F2D}.Debug|TwinCAT UM (x64).ActiveCfg = Debug|TwinCAT CE7 (ARMV7)
		{38626033-9C7F-4DCF-BC0D-E860BE925F2D}.Debug|TwinCAT UM (x86).ActiveCfg = Debug|TwinCAT CE7 (ARMV7)
		{38626033-9C7F-4DCF-BC0D-E860BE925F2D}.Release|TwinCAT CE7 (ARMV7).ActiveCfg = Release|TwinCAT CE7 (ARMV7)
		{38626033-9C7F-4DCF-BC0D-E860BE925F2D}.Release|TwinCAT RT (x64).ActiveCfg = Release|TwinCAT RT (x64)
		{38626033-9C7F-4DCF-BC0D-E860BE925F2D}.Release|TwinCAT RT (x86).ActiveCfg = Release|TwinCAT RT (x86)
		{38626033-9C7F-4DCF-BC0D-E860BE925F2D}.Release|TwinCAT UM (x64).ActiveCfg = Release|TwinCAT CE7 (ARMV7)
		{38626033-9C7F-4DCF-BC0D-E860BE925F2D}.Release|TwinCAT UM (x86).ActiveCfg = Release|TwinCAT CE7 (ARMV7)
		{2C84D413-FA48-44E2-9B42-A32381D63F0A}.Debug|TwinCAT CE7 (ARMV7).ActiveCfg = Debug|TwinCAT RT (x64)
		{2C84D413-FA48-44E2-9B42-A32381D63F0A}.Debug|TwinCAT RT (x64).ActiveCfg = Debug|TwinCAT RT (x64)
		{2C84D413-FA48-44E2-9B42-A32381D63F0A}.Debug|TwinCAT RT (x64).Build.0 = Debug|TwinCAT RT (x64)
		{2C84D413-FA48-44E2-9B42-A32381D63F0A}.Debug|TwinCAT RT (x86).ActiveCfg = Debug|TwinCAT RT (x86)
		{2C84D413-FA48-44E2-9B42-A32381D63F0A}.Debug|TwinCAT RT (x86).Build.0 = Debug|TwinCAT RT (x86)
		{2C84D413-FA48-44E2-9B42-A32381D63F0A}.Debug|TwinCAT UM (x64).ActiveCfg = Debug|TwinCAT UM (x64)
		{2C84D413-FA48-44E2-9B42-A32381D63F0A}.Debug|TwinCAT UM (x64).Build.0 = Debug|TwinCAT UM (x64)
		{2C84D413-FA48-44E2-9B42-A32381D63F0A}.Debug|TwinCAT UM (x86).ActiveCfg = Debug|TwinCAT UM (x86)
		{2C84D413-FA48-44E2-9B42-A32381D63F0A}.Debug|TwinCAT UM (x86).Build.0 = Debug|TwinCAT UM (x86)
		{2C84D413-FA48-44E2-9B42-A32381D63F0A}.Release|TwinCAT CE7 (ARMV7).ActiveCfg = Release|TwinCAT RT (x64)
		{2C84D413-FA48-44E2-9B42-A32381D63F0A}.Release|TwinCAT RT (x64).ActiveCfg = Release|TwinCAT RT (x64)
		{2C84D413-FA48-44E2-9B42-A32381D63F0A}.Release|TwinCAT RT (x64).Build.0 = Release|TwinCAT RT (x64)
		{2C84D413-FA48-44E2-9B42-A32381D63F0A}.Release|TwinCAT RT (x86).ActiveCfg = Release|TwinCAT RT (x86)
		{2C84D413-FA48-44E2-9B42-A32381D63F0A}.Release|TwinCAT RT (x86).Build.0 = Release|TwinCAT RT (x86)
		{2C84D413-FA48-44E2-9B42-A32381D63F0A}.Release|TwinCAT UM (x64).ActiveCfg = Release|TwinCAT UM (x64)
		{2C84D413-FA48-44E2-9B42-A32381D63F0A}.Release|TwinCAT UM (x64).Build.0 = Release|TwinCAT UM (x64)
		{2C84D413-FA48-44E2-9B42-A32381D63F0A}.Release|TwinCAT UM (x86).ActiveCfg = Release|TwinCAT UM (x86)
		{2C84D413-FA48-44E2-9B42-A32381D63F0A}.Release|TwinCAT UM (x86).Build.0 = Release|TwinCAT UM (x86)
		{D0F588DE-5E4D-4AB1-89B7-D55FA1786C63}.Debug|TwinCAT CE7 (ARMV7).ActiveCfg = Debug|TwinCAT CE7 (ARMV7)
		{D0F588DE-5E4D-4AB1-89B7-D55FA1786C63}.Debug|TwinCAT CE7 (ARMV7).Build.0 = Debug|TwinCAT CE7 (ARMV7)
		{D0F588DE-5E4D-4AB1-89B7-D55FA1786C63}.Debug|TwinCAT RT (x64).ActiveCfg = Debug|TwinCAT RT (x64)
		{D0F588DE-5E4D-4AB1-89B7-D55FA1786C63}.Debug|TwinCAT RT (x64).Build.0 = Debug|TwinCAT RT (x64)
		{D0F588DE-5E4D-4AB1-89B7-D55FA1786C63}.Debug|TwinCAT RT (x86).ActiveCfg = Debug|TwinCAT RT (x86)
		{D0F588DE-5E4D-4AB1-89B7-D55FA1786C63}.Debug|TwinCAT RT (x86).Build.0 = Debug|TwinCAT RT (x86)
		{D0F588DE-5E4D-4AB1-89B7-D55FA1786C63}.Debug|TwinCAT UM (x64).ActiveCfg = Debug|TwinCAT CE7 (ARMV7)
		{D0F588DE-5E4D-4AB1-89B7-D55FA1786C63}.Debug|TwinCAT UM (x86).ActiveCfg = Debug|TwinCAT CE7 (ARMV7)
		{D0F588DE-5E4D-4AB1-89B7-D55FA1786C63}.Release|TwinCAT CE7 (ARMV7).ActiveCfg = Release|TwinCAT CE7 (ARMV7)
		{D0F588DE-5E4D-4AB1-89B7-D55FA1786C63}.Release|TwinCAT CE7 (ARMV7).Build.0 = Release|TwinCAT CE7 (ARMV7)
		{D0F588DE-5E4D-4AB1-89B7-D55FA1786C63}.Release|TwinCAT RT (x64).ActiveCfg = Release|TwinCAT RT (x64)
		{D0F588DE-5E4D-4AB1-89B7-D55FA1786C63}.Release|TwinCAT RT (x64).Build.0 = Release|TwinCAT RT (x64)
		{D0F588DE-5E4D-4AB1-89B7-D55FA1786C63}.Release|TwinCAT RT (x86).ActiveCfg = Release|TwinCAT RT (x86)
		{D0F588DE-5E4D-4AB1-89B7-D55FA1786C63}.Release|TwinCAT RT (x86).Build.0 = Release|TwinCAT RT (x86)
		{D0F588DE-5E4D-4AB1-89B7-D55FA1786C63}.Release|TwinCAT UM (x64).ActiveCfg = Release|TwinCAT CE7 (ARMV7)
		{D0F588DE-5E4D-4AB1-89B7-D55FA1786C63}.Release|TwinCAT UM (x86).ActiveCfg = Release|TwinCAT CE7 (ARMV7)
	EndGlobalSection
	GlobalSection(SolutionProperties) = preSolution
		HideSolutionNode = FALSE
	EndGlobalSection
EndGlobal
