
Microsoft Visual Studio Solution File, Format Version 12.00
# Visual Studio 2013
VisualStudioVersion = 12.0.40629.0
MinimumVisualStudioVersion = 10.0.40219.1
Project("{B1E792BE-AA5F-4E3C-8C82-674BF9C0715B}") = "RobotArm", "RobotArm\RobotArm.tsproj", "{2D8E86F6-0C93-4EFE-B3AD-F3131799D8E2}"
EndProject
Project("{FD9F1D59-E000-42F3-8744-88DE1BE93C06}") = "TwinCAT Measurement Project1", "TwinCAT Measurement Project1\TwinCAT Measurement Project1.tcmproj", "{6CE9D565-B438-40EF-ADE6-BA6DA87D5248}"
EndProject
Global
	GlobalSection(SolutionConfigurationPlatforms) = preSolution
		Debug|TwinCAT CE7 (ARMV7) = Debug|TwinCAT CE7 (ARMV7)
		Debug|TwinCAT RT (x64) = Debug|TwinCAT RT (x64)
		Debug|TwinCAT RT (x86) = Debug|TwinCAT RT (x86)
		Debug|TwinCAT UM (x64) = Debug|TwinCAT UM (x64)
		Debug|TwinCAT UM (x86) = Debug|TwinCAT UM (x86)
		Release|TwinCAT CE7 (ARMV7) = Release|TwinCAT CE7 (ARMV7)
		Release|TwinCAT RT (x64) = Release|TwinCAT RT (x64)
		Release|TwinCAT RT (x86) = Release|TwinCAT RT (x86)
		Release|TwinCAT UM (x64) = Release|TwinCAT UM (x64)
		Release|TwinCAT UM (x86) = Release|TwinCAT UM (x86)
	EndGlobalSection
	GlobalSection(ProjectConfigurationPlatforms) = postSolution
		{2D8E86F6-0C93-4EFE-B3AD-F3131799D8E2}.Debug|TwinCAT CE7 (ARMV7).ActiveCfg = Debug|TwinCAT CE7 (ARMV7)
		{2D8E86F6-0C93-4EFE-B3AD-F3131799D8E2}.Debug|TwinCAT CE7 (ARMV7).Build.0 = Debug|TwinCAT CE7 (ARMV7)
		{2D8E86F6-0C93-4EFE-B3AD-F3131799D8E2}.Debug|TwinCAT RT (x64).ActiveCfg = Debug|TwinCAT RT (x64)
		{2D8E86F6-0C93-4EFE-B3AD-F3131799D8E2}.Debug|TwinCAT RT (x64).Build.0 = Debug|TwinCAT RT (x64)
		{2D8E86F6-0C93-4EFE-B3AD-F3131799D8E2}.Debug|TwinCAT RT (x86).ActiveCfg = Debug|TwinCAT RT (x86)
		{2D8E86F6-0C93-4EFE-B3AD-F3131799D8E2}.Debug|TwinCAT RT (x86).Build.0 = Debug|TwinCAT RT (x86)
		{2D8E86F6-0C93-4EFE-B3AD-F3131799D8E2}.Debug|TwinCAT UM (x64).ActiveCfg = Debug|TwinCAT CE7 (ARMV7)
		{2D8E86F6-0C93-4EFE-B3AD-F3131799D8E2}.Debug|TwinCAT UM (x86).ActiveCfg = Debug|TwinCAT CE7 (ARMV7)
		{2D8E86F6-0C93-4EFE-B3AD-F3131799D8E2}.Release|TwinCAT CE7 (ARMV7).ActiveCfg = Release|TwinCAT CE7 (ARMV7)
		{2D8E86F6-0C93-4EFE-B3AD-F3131799D8E2}.Release|TwinCAT CE7 (ARMV7).Build.0 = Release|TwinCAT CE7 (ARMV7)
		{2D8E86F6-0C93-4EFE-B3AD-F3131799D8E2}.Release|TwinCAT RT (x64).ActiveCfg = Release|TwinCAT RT (x64)
		{2D8E86F6-0C93-4EFE-B3AD-F3131799D8E2}.Release|TwinCAT RT (x64).Build.0 = Release|TwinCAT RT (x64)
		{2D8E86F6-0C93-4EFE-B3AD-F3131799D8E2}.Release|TwinCAT RT (x86).ActiveCfg = Release|TwinCAT RT (x86)
		{2D8E86F6-0C93-4EFE-B3AD-F3131799D8E2}.Release|TwinCAT RT (x86).Build.0 = Release|TwinCAT RT (x86)
		{2D8E86F6-0C93-4EFE-B3AD-F3131799D8E2}.Release|TwinCAT UM (x64).ActiveCfg = Release|TwinCAT CE7 (ARMV7)
		{2D8E86F6-0C93-4EFE-B3AD-F3131799D8E2}.Release|TwinCAT UM (x86).ActiveCfg = Release|TwinCAT CE7 (ARMV7)
		{6CE9D565-B438-40EF-ADE6-BA6DA87D5248}.Debug|TwinCAT CE7 (ARMV7).ActiveCfg = Debug|TwinCAT CE7 (ARMV7)
		{6CE9D565-B438-40EF-ADE6-BA6DA87D5248}.Debug|TwinCAT RT (x64).ActiveCfg = Debug|TwinCAT RT (x64)
		{6CE9D565-B438-40EF-ADE6-BA6DA87D5248}.Debug|TwinCAT RT (x86).ActiveCfg = Debug|TwinCAT RT (x86)
		{6CE9D565-B438-40EF-ADE6-BA6DA87D5248}.Debug|TwinCAT UM (x64).ActiveCfg = Debug|TwinCAT CE7 (ARMV7)
		{6CE9D565-B438-40EF-ADE6-BA6DA87D5248}.Debug|TwinCAT UM (x86).ActiveCfg = Debug|TwinCAT CE7 (ARMV7)
		{6CE9D565-B438-40EF-ADE6-BA6DA87D5248}.Release|TwinCAT CE7 (ARMV7).ActiveCfg = Release|TwinCAT CE7 (ARMV7)
		{6CE9D565-B438-40EF-ADE6-BA6DA87D5248}.Release|TwinCAT RT (x64).ActiveCfg = Release|TwinCAT RT (x64)
		{6CE9D565-B438-40EF-ADE6-BA6DA87D5248}.Release|TwinCAT RT (x86).ActiveCfg = Release|TwinCAT RT (x86)
		{6CE9D565-B438-40EF-ADE6-BA6DA87D5248}.Release|TwinCAT UM (x64).ActiveCfg = Release|TwinCAT CE7 (ARMV7)
		{6CE9D565-B438-40EF-ADE6-BA6DA87D5248}.Release|TwinCAT UM (x86).ActiveCfg = Release|TwinCAT CE7 (ARMV7)
		{2A75CAC0-60C3-40C7-995E-9D012B92C918}.Debug|TwinCAT CE7 (ARMV7).ActiveCfg = Debug|TwinCAT CE7 (ARMV7)
		{2A75CAC0-60C3-40C7-995E-9D012B92C918}.Debug|TwinCAT CE7 (ARMV7).Build.0 = Debug|TwinCAT CE7 (ARMV7)
		{2A75CAC0-60C3-40C7-995E-9D012B92C918}.Debug|TwinCAT RT (x64).ActiveCfg = Debug|TwinCAT RT (x64)
		{2A75CAC0-60C3-40C7-995E-9D012B92C918}.Debug|TwinCAT RT (x64).Build.0 = Debug|TwinCAT RT (x64)
		{2A75CAC0-60C3-40C7-995E-9D012B92C918}.Debug|TwinCAT RT (x86).ActiveCfg = Debug|TwinCAT RT (x86)
		{2A75CAC0-60C3-40C7-995E-9D012B92C918}.Debug|TwinCAT RT (x86).Build.0 = Debug|TwinCAT RT (x86)
		{2A75CAC0-60C3-40C7-995E-9D012B92C918}.Debug|TwinCAT UM (x64).ActiveCfg = Debug|TwinCAT CE7 (ARMV7)
		{2A75CAC0-60C3-40C7-995E-9D012B92C918}.Debug|TwinCAT UM (x86).ActiveCfg = Debug|TwinCAT CE7 (ARMV7)
		{2A75CAC0-60C3-40C7-995E-9D012B92C918}.Release|TwinCAT CE7 (ARMV7).ActiveCfg = Release|TwinCAT CE7 (ARMV7)
		{2A75CAC0-60C3-40C7-995E-9D012B92C918}.Release|TwinCAT CE7 (ARMV7).Build.0 = Release|TwinCAT CE7 (ARMV7)
		{2A75CAC0-60C3-40C7-995E-9D012B92C918}.Release|TwinCAT RT (x64).ActiveCfg = Release|TwinCAT RT (x64)
		{2A75CAC0-60C3-40C7-995E-9D012B92C918}.Release|TwinCAT RT (x64).Build.0 = Release|TwinCAT RT (x64)
		{2A75CAC0-60C3-40C7-995E-9D012B92C918}.Release|TwinCAT RT (x86).ActiveCfg = Release|TwinCAT RT (x86)
		{2A75CAC0-60C3-40C7-995E-9D012B92C918}.Release|TwinCAT RT (x86).Build.0 = Release|TwinCAT RT (x86)
		{2A75CAC0-60C3-40C7-995E-9D012B92C918}.Release|TwinCAT UM (x64).ActiveCfg = Release|TwinCAT CE7 (ARMV7)
		{2A75CAC0-60C3-40C7-995E-9D012B92C918}.Release|TwinCAT UM (x86).ActiveCfg = Release|TwinCAT CE7 (ARMV7)
		{08C111C4-EC90-48DE-B246-65AB9358D04D}.Debug|TwinCAT CE7 (ARMV7).ActiveCfg = Debug|TwinCAT CE7 (ARMV7)
		{08C111C4-EC90-48DE-B246-65AB9358D04D}.Debug|TwinCAT CE7 (ARMV7).Build.0 = Debug|TwinCAT CE7 (ARMV7)
		{08C111C4-EC90-48DE-B246-65AB9358D04D}.Debug|TwinCAT RT (x64).ActiveCfg = Debug|TwinCAT RT (x64)
		{08C111C4-EC90-48DE-B246-65AB9358D04D}.Debug|TwinCAT RT (x64).Build.0 = Debug|TwinCAT RT (x64)
		{08C111C4-EC90-48DE-B246-65AB9358D04D}.Debug|TwinCAT RT (x86).ActiveCfg = Debug|TwinCAT RT (x86)
		{08C111C4-EC90-48DE-B246-65AB9358D04D}.Debug|TwinCAT RT (x86).Build.0 = Debug|TwinCAT RT (x86)
		{08C111C4-EC90-48DE-B246-65AB9358D04D}.Debug|TwinCAT UM (x64).ActiveCfg = Debug|TwinCAT CE7 (ARMV7)
		{08C111C4-EC90-48DE-B246-65AB9358D04D}.Debug|TwinCAT UM (x86).ActiveCfg = Debug|TwinCAT CE7 (ARMV7)
		{08C111C4-EC90-48DE-B246-65AB9358D04D}.Release|TwinCAT CE7 (ARMV7).ActiveCfg = Release|TwinCAT CE7 (ARMV7)
		{08C111C4-EC90-48DE-B246-65AB9358D04D}.Release|TwinCAT CE7 (ARMV7).Build.0 = Release|TwinCAT CE7 (ARMV7)
		{08C111C4-EC90-48DE-B246-65AB9358D04D}.Release|TwinCAT RT (x64).ActiveCfg = Release|TwinCAT RT (x64)
		{08C111C4-EC90-48DE-B246-65AB9358D04D}.Release|TwinCAT RT (x64).Build.0 = Release|TwinCAT RT (x64)
		{08C111C4-EC90-48DE-B246-65AB9358D04D}.Release|TwinCAT RT (x86).ActiveCfg = Release|TwinCAT RT (x86)
		{08C111C4-EC90-48DE-B246-65AB9358D04D}.Release|TwinCAT RT (x86).Build.0 = Release|TwinCAT RT (x86)
		{08C111C4-EC90-48DE-B246-65AB9358D04D}.Release|TwinCAT UM (x64).ActiveCfg = Release|TwinCAT CE7 (ARMV7)
		{08C111C4-EC90-48DE-B246-65AB9358D04D}.Release|TwinCAT UM (x86).ActiveCfg = Release|TwinCAT CE7 (ARMV7)
		{CA7800D7-C68D-4006-92A0-6AA015D36DD4}.Debug|TwinCAT CE7 (ARMV7).ActiveCfg = Debug|TwinCAT RT (x64)
		{CA7800D7-C68D-4006-92A0-6AA015D36DD4}.Debug|TwinCAT RT (x64).ActiveCfg = Debug|TwinCAT RT (x64)
		{CA7800D7-C68D-4006-92A0-6AA015D36DD4}.Debug|TwinCAT RT (x64).Build.0 = Debug|TwinCAT RT (x64)
		{CA7800D7-C68D-4006-92A0-6AA015D36DD4}.Debug|TwinCAT RT (x86).ActiveCfg = Debug|TwinCAT RT (x86)
		{CA7800D7-C68D-4006-92A0-6AA015D36DD4}.Debug|TwinCAT RT (x86).Build.0 = Debug|TwinCAT RT (x86)
		{CA7800D7-C68D-4006-92A0-6AA015D36DD4}.Debug|TwinCAT UM (x64).ActiveCfg = Debug|TwinCAT UM (x64)
		{CA7800D7-C68D-4006-92A0-6AA015D36DD4}.Debug|TwinCAT UM (x64).Build.0 = Debug|TwinCAT UM (x64)
		{CA7800D7-C68D-4006-92A0-6AA015D36DD4}.Debug|TwinCAT UM (x86).ActiveCfg = Debug|TwinCAT UM (x86)
		{CA7800D7-C68D-4006-92A0-6AA015D36DD4}.Debug|TwinCAT UM (x86).Build.0 = Debug|TwinCAT UM (x86)
		{CA7800D7-C68D-4006-92A0-6AA015D36DD4}.Release|TwinCAT CE7 (ARMV7).ActiveCfg = Release|TwinCAT RT (x64)
		{CA7800D7-C68D-4006-92A0-6AA015D36DD4}.Release|TwinCAT RT (x64).ActiveCfg = Release|TwinCAT RT (x64)
		{CA7800D7-C68D-4006-92A0-6AA015D36DD4}.Release|TwinCAT RT (x64).Build.0 = Release|TwinCAT RT (x64)
		{CA7800D7-C68D-4006-92A0-6AA015D36DD4}.Release|TwinCAT RT (x86).ActiveCfg = Release|TwinCAT RT (x86)
		{CA7800D7-C68D-4006-92A0-6AA015D36DD4}.Release|TwinCAT RT (x86).Build.0 = Release|TwinCAT RT (x86)
		{CA7800D7-C68D-4006-92A0-6AA015D36DD4}.Release|TwinCAT UM (x64).ActiveCfg = Release|TwinCAT UM (x64)
		{CA7800D7-C68D-4006-92A0-6AA015D36DD4}.Release|TwinCAT UM (x64).Build.0 = Release|TwinCAT UM (x64)
		{CA7800D7-C68D-4006-92A0-6AA015D36DD4}.Release|TwinCAT UM (x86).ActiveCfg = Release|TwinCAT UM (x86)
		{CA7800D7-C68D-4006-92A0-6AA015D36DD4}.Release|TwinCAT UM (x86).Build.0 = Release|TwinCAT UM (x86)
	EndGlobalSection
	GlobalSection(SolutionProperties) = preSolution
		HideSolutionNode = FALSE
	EndGlobalSection
EndGlobal
