<?xml version="1.0" encoding="utf-8"?>
<Project ToolsVersion="4.0" xmlns="http://schemas.microsoft.com/developer/msbuild/2003">
  <ItemGroup>
    <Filter Include="Header Files">
      <UniqueIdentifier>{e213af31-e595-4fbe-8c0b-07c349027f31}</UniqueIdentifier>
    </Filter>
    <Filter Include="Source Files">
      <UniqueIdentifier>{85c8e375-eb92-4aa4-89a7-bb85857bba5d}</UniqueIdentifier>
    </Filter>
    <Filter Include="TwinCAT UM Files">
      <UniqueIdentifier>{886b6a10-07bf-4c26-bd9f-5316aeb3ce51}</UniqueIdentifier>
    </Filter>
    <Filter Include="TwinCAT RT Files">
      <UniqueIdentifier>{c3eaa85d-dcd7-4c4c-9af7-b13889cd6050}</UniqueIdentifier>
    </Filter>
    <Filter Include="TMC Files">
      <UniqueIdentifier>{19eb74d9-b1a2-4289-8ced-d8d19513f300}</UniqueIdentifier>
    </Filter>
  </ItemGroup>
  <ItemGroup>
    <ClInclude Include="Resource.h">
      <Filter>Header Files</Filter>
    </ClInclude>
    <ClInclude Include="TcPch.h">
      <Filter>Header Files</Filter>
    </ClInclude>
    <ClInclude Include="RobotArmCPPClassFactory.h">
      <Filter>Header Files</Filter>
    </ClInclude>
    <ClInclude Include="RobotArmCPPInterfaces.h">
      <Filter>Header Files</Filter>
    </ClInclude>
    <ClInclude Include="RobotArmCPPServices.h">
      <Filter>Header Files</Filter>
    </ClInclude>
    <ClInclude Include="RobotArmCPPCtrl.h">
      <Filter>TwinCAT UM Files</Filter>
    </ClInclude>
    <ClInclude Include="RobotArmCPPDriver.h">
      <Filter>TwinCAT RT Files</Filter>
    </ClInclude>
    <ClInclude Include="RobotArmMain.h">
      <Filter>Header Files</Filter>
    </ClInclude>
    <ClInclude Include="3rdinterpolate.h">
      <Filter>Header Files</Filter>
    </ClInclude>
    <ClInclude Include="Elbow.h">
      <Filter>Header Files</Filter>
    </ClInclude>
    <ClInclude Include="kinematics.h">
      <Filter>Header Files</Filter>
    </ClInclude>
    <ClInclude Include="PID_Position.h">
      <Filter>Header Files</Filter>
    </ClInclude>
  </ItemGroup>
  <ItemGroup>
    <ClCompile Include="TcPch.cpp">
      <Filter>Source Files</Filter>
    </ClCompile>
    <ClCompile Include="RobotArmCPPClassFactory.cpp">
      <Filter>Source Files</Filter>
    </ClCompile>
    <ClCompile Include="RobotArmCPPCtrl.cpp">
      <Filter>TwinCAT UM Files</Filter>
    </ClCompile>
    <ClCompile Include="RobotArmCPPW32.cpp">
      <Filter>TwinCAT UM Files</Filter>
    </ClCompile>
    <ClCompile Include="RobotArmCPPDriver.cpp">
      <Filter>TwinCAT RT Files</Filter>
    </ClCompile>
    <ClCompile Include="RobotArmMain.cpp">
      <Filter>Source Files</Filter>
    </ClCompile>
    <ClCompile Include="Elbow.cpp">
      <Filter>Source Files</Filter>
    </ClCompile>
    <ClCompile Include="kinematics.cpp">
      <Filter>Source Files</Filter>
    </ClCompile>
    <ClCompile Include="PID_Position.cpp">
      <Filter>Source Files</Filter>
    </ClCompile>
    <ClCompile Include="3rdinterpolate.cpp">
      <Filter>Source Files</Filter>
    </ClCompile>
  </ItemGroup>
  <ItemGroup>
    <ResourceCompile Include="RobotArmCPP.rc">
      <Filter>Source Files</Filter>
    </ResourceCompile>
  </ItemGroup>
  <ItemGroup>
    <None Include="RobotArmCPPW32.def">
      <Filter>TwinCAT UM Files</Filter>
    </None>
    <None Include="RobotArmCPP.tmc">
      <Filter>TMC Files</Filter>
    </None>
  </ItemGroup>
  <ItemGroup>
    <Midl Include="RobotArmCPPW32.idl">
      <Filter>TwinCAT UM Files</Filter>
    </Midl>
  </ItemGroup>
</Project>