<?xml version="1.0" encoding="utf-8"?>
<Project ToolsVersion="4.0" xmlns="http://schemas.microsoft.com/developer/msbuild/2003">
  <ItemGroup>
    <Filter Include="Header Files">
      <UniqueIdentifier>{5b77290a-0262-4e4f-8905-8f11961f224f}</UniqueIdentifier>
    </Filter>
    <Filter Include="Source Files">
      <UniqueIdentifier>{e1a3154e-4512-41c4-9917-5a4c542dde93}</UniqueIdentifier>
    </Filter>
    <Filter Include="TwinCAT UM Files">
      <UniqueIdentifier>{54bbcd68-1d1f-45c4-b93e-a59d8ffa03f5}</UniqueIdentifier>
    </Filter>
    <Filter Include="TwinCAT RT Files">
      <UniqueIdentifier>{5a4475ed-061f-4b6c-8a19-1fb6e201cf33}</UniqueIdentifier>
    </Filter>
    <Filter Include="TMC Files">
      <UniqueIdentifier>{a674fcd8-474e-4e32-86d6-4128cb02085d}</UniqueIdentifier>
    </Filter>
  </ItemGroup>
  <ItemGroup>
    <ClInclude Include="Resource.h">
      <Filter>Header Files</Filter>
    </ClInclude>
    <ClInclude Include="TcPch.h">
      <Filter>Header Files</Filter>
    </ClInclude>
    <ClInclude Include="RobotArmCPPClassFactory.h">
      <Filter>Header Files</Filter>
    </ClInclude>
    <ClInclude Include="RobotArmCPPInterfaces.h">
      <Filter>Header Files</Filter>
    </ClInclude>
    <ClInclude Include="RobotArmCPPServices.h">
      <Filter>Header Files</Filter>
    </ClInclude>
    <ClInclude Include="RobotArmCPPCtrl.h">
      <Filter>TwinCAT UM Files</Filter>
    </ClInclude>
    <ClInclude Include="RobotArmCPPDriver.h">
      <Filter>TwinCAT RT Files</Filter>
    </ClInclude>
    <ClInclude Include="RobotArmMain.h">
      <Filter>Header Files</Filter>
    </ClInclude>
    <ClInclude Include="3rdinterpolate.h">
      <Filter>Header Files</Filter>
    </ClInclude>
    <ClInclude Include="Elbow.h">
      <Filter>Header Files</Filter>
    </ClInclude>
    <ClInclude Include="kinematics.h">
      <Filter>Header Files</Filter>
    </ClInclude>
    <ClInclude Include="PID_Position.h">
      <Filter>Header Files</Filter>
    </ClInclude>
  </ItemGroup>
  <ItemGroup>
    <ClCompile Include="TcPch.cpp">
      <Filter>Source Files</Filter>
    </ClCompile>
    <ClCompile Include="RobotArmCPPClassFactory.cpp">
      <Filter>Source Files</Filter>
    </ClCompile>
    <ClCompile Include="RobotArmCPPCtrl.cpp">
      <Filter>TwinCAT UM Files</Filter>
    </ClCompile>
    <ClCompile Include="RobotArmCPPW32.cpp">
      <Filter>TwinCAT UM Files</Filter>
    </ClCompile>
    <ClCompile Include="RobotArmCPPDriver.cpp">
      <Filter>TwinCAT RT Files</Filter>
    </ClCompile>
    <ClCompile Include="RobotArmMain.cpp">
      <Filter>Source Files</Filter>
    </ClCompile>
    <ClCompile Include="kinematics.cpp">
      <Filter>Source Files</Filter>
    </ClCompile>
    <ClCompile Include="PID_Position.cpp">
      <Filter>Source Files</Filter>
    </ClCompile>
    <ClCompile Include="3rdinterpolate.cpp">
      <Filter>Source Files</Filter>
    </ClCompile>
    <ClCompile Include="Elbow.cpp">
      <Filter>Source Files</Filter>
    </ClCompile>
  </ItemGroup>
  <ItemGroup>
    <ResourceCompile Include="RobotArmCPP.rc">
      <Filter>Source Files</Filter>
    </ResourceCompile>
  </ItemGroup>
  <ItemGroup>
    <None Include="RobotArmCPPW32.def">
      <Filter>TwinCAT UM Files</Filter>
    </None>
    <None Include="RobotArmCPP.tmc">
      <Filter>TMC Files</Filter>
    </None>
  </ItemGroup>
  <ItemGroup>
    <Midl Include="RobotArmCPPW32.idl">
      <Filter>TwinCAT UM Files</Filter>
    </Midl>
  </ItemGroup>
</Project>